
Microsoft Visual Studio Solution File, Format Version 12.00
# Visual Studio Version 17
VisualStudioVersion = 17.8.34322.80
MinimumVisualStudioVersion = 10.0.40219.1
Project("{2150E333-8FDC-42A3-9474-1A3956D46DE8}") = "src", "src", "{4E968A53-A023-4EC5-BC40-8444D35324FA}"
	ProjectSection(SolutionItems) = preProject
		README.md = README.md
	EndProjectSection
EndProject
Project("{9A19103F-16F7-4668-BE54-9A1E7A4F7556}") = "Domain.Entities", "Domain\Domain.Entities.csproj", "{B2281429-300B-46D4-8F31-A02FA275DBAC}"
EndProject
Project("{9A19103F-16F7-4668-BE54-9A1E7A4F7556}") = "Service", "Application\Service.csproj", "{0AF3CB1B-BD82-458A-908F-FA7B66EDFD8F}"
EndProject
Project("{9A19103F-16F7-4668-BE54-9A1E7A4F7556}") = "OrdersApp", "OrdersApp\OrdersApp.csproj", "{E545E6A0-04AA-4BE6-A50F-2C961C1D15B5}"
EndProject
Project("{9A19103F-16F7-4668-BE54-9A1E7A4F7556}") = "Repository", "Repository\Repository.csproj", "{3DF617FE-081D-4A3C-8D55-F4F33DF17049}"
EndProject
Project("{9A19103F-16F7-4668-BE54-9A1E7A4F7556}") = "Domain.Contracts", "Domain.Contracts\Domain.Contracts.csproj", "{80A2E19B-B034-4027-81F4-F4CAC0259514}"
EndProject
Project("{9A19103F-16F7-4668-BE54-9A1E7A4F7556}") = "Presentation", "Presentation\Presentation.csproj", "{4781FA8D-E01B-4A33-931E-49CDCFC34D19}"
EndProject
Project("{9A19103F-16F7-4668-BE54-9A1E7A4F7556}") = "Service.Contracts", "Service.Contracts\Service.Contracts.csproj", "{99DD5233-4BBB-471F-872F-3C204EC4E619}"
EndProject
Project("{9A19103F-16F7-4668-BE54-9A1E7A4F7556}") = "Shared", "Shared\Shared.csproj", "{4E0DF89A-A2A9-4AF2-9114-47C75B12A3F8}"
EndProject
Project("{54A90642-561A-4BB1-A94E-469ADEE60C69}") = "WebUI", "WebUI\WebUI.esproj", "{6148A34F-E002-4C98-BD4C-7C46C86DBB78}"
EndProject
Global
	GlobalSection(SolutionConfigurationPlatforms) = preSolution
		Debug|Any CPU = Debug|Any CPU
		Release|Any CPU = Release|Any CPU
	EndGlobalSection
	GlobalSection(ProjectConfigurationPlatforms) = postSolution
		{B2281429-300B-46D4-8F31-A02FA275DBAC}.Debug|Any CPU.ActiveCfg = Debug|Any CPU
		{B2281429-300B-46D4-8F31-A02FA275DBAC}.Debug|Any CPU.Build.0 = Debug|Any CPU
		{B2281429-300B-46D4-8F31-A02FA275DBAC}.Release|Any CPU.ActiveCfg = Release|Any CPU
		{B2281429-300B-46D4-8F31-A02FA275DBAC}.Release|Any CPU.Build.0 = Release|Any CPU
		{0AF3CB1B-BD82-458A-908F-FA7B66EDFD8F}.Debug|Any CPU.ActiveCfg = Debug|Any CPU
		{0AF3CB1B-BD82-458A-908F-FA7B66EDFD8F}.Debug|Any CPU.Build.0 = Debug|Any CPU
		{0AF3CB1B-BD82-458A-908F-FA7B66EDFD8F}.Release|Any CPU.ActiveCfg = Release|Any CPU
		{0AF3CB1B-BD82-458A-908F-FA7B66EDFD8F}.Release|Any CPU.Build.0 = Release|Any CPU
		{E545E6A0-04AA-4BE6-A50F-2C961C1D15B5}.Debug|Any CPU.ActiveCfg = Debug|Any CPU
		{E545E6A0-04AA-4BE6-A50F-2C961C1D15B5}.Debug|Any CPU.Build.0 = Debug|Any CPU
		{E545E6A0-04AA-4BE6-A50F-2C961C1D15B5}.Release|Any CPU.ActiveCfg = Release|Any CPU
		{E545E6A0-04AA-4BE6-A50F-2C961C1D15B5}.Release|Any CPU.Build.0 = Release|Any CPU
		{3DF617FE-081D-4A3C-8D55-F4F33DF17049}.Debug|Any CPU.ActiveCfg = Debug|Any CPU
		{3DF617FE-081D-4A3C-8D55-F4F33DF17049}.Debug|Any CPU.Build.0 = Debug|Any CPU
		{3DF617FE-081D-4A3C-8D55-F4F33DF17049}.Release|Any CPU.ActiveCfg = Release|Any CPU
		{3DF617FE-081D-4A3C-8D55-F4F33DF17049}.Release|Any CPU.Build.0 = Release|Any CPU
		{80A2E19B-B034-4027-81F4-F4CAC0259514}.Debug|Any CPU.ActiveCfg = Debug|Any CPU
		{80A2E19B-B034-4027-81F4-F4CAC0259514}.Debug|Any CPU.Build.0 = Debug|Any CPU
		{80A2E19B-B034-4027-81F4-F4CAC0259514}.Release|Any CPU.ActiveCfg = Release|Any CPU
		{80A2E19B-B034-4027-81F4-F4CAC0259514}.Release|Any CPU.Build.0 = Release|Any CPU
		{4781FA8D-E01B-4A33-931E-49CDCFC34D19}.Debug|Any CPU.ActiveCfg = Debug|Any CPU
		{4781FA8D-E01B-4A33-931E-49CDCFC34D19}.Debug|Any CPU.Build.0 = Debug|Any CPU
		{4781FA8D-E01B-4A33-931E-49CDCFC34D19}.Release|Any CPU.ActiveCfg = Release|Any CPU
		{4781FA8D-E01B-4A33-931E-49CDCFC34D19}.Release|Any CPU.Build.0 = Release|Any CPU
		{99DD5233-4BBB-471F-872F-3C204EC4E619}.Debug|Any CPU.ActiveCfg = Debug|Any CPU
		{99DD5233-4BBB-471F-872F-3C204EC4E619}.Debug|Any CPU.Build.0 = Debug|Any CPU
		{99DD5233-4BBB-471F-872F-3C204EC4E619}.Release|Any CPU.ActiveCfg = Release|Any CPU
		{99DD5233-4BBB-471F-872F-3C204EC4E619}.Release|Any CPU.Build.0 = Release|Any CPU
		{4E0DF89A-A2A9-4AF2-9114-47C75B12A3F8}.Debug|Any CPU.ActiveCfg = Debug|Any CPU
		{4E0DF89A-A2A9-4AF2-9114-47C75B12A3F8}.Debug|Any CPU.Build.0 = Debug|Any CPU
		{4E0DF89A-A2A9-4AF2-9114-47C75B12A3F8}.Release|Any CPU.ActiveCfg = Release|Any CPU
		{4E0DF89A-A2A9-4AF2-9114-47C75B12A3F8}.Release|Any CPU.Build.0 = Release|Any CPU
		{6148A34F-E002-4C98-BD4C-7C46C86DBB78}.Debug|Any CPU.ActiveCfg = Debug|Any CPU
		{6148A34F-E002-4C98-BD4C-7C46C86DBB78}.Debug|Any CPU.Build.0 = Debug|Any CPU
		{6148A34F-E002-4C98-BD4C-7C46C86DBB78}.Debug|Any CPU.Deploy.0 = Debug|Any CPU
		{6148A34F-E002-4C98-BD4C-7C46C86DBB78}.Release|Any CPU.ActiveCfg = Release|Any CPU
		{6148A34F-E002-4C98-BD4C-7C46C86DBB78}.Release|Any CPU.Build.0 = Release|Any CPU
		{6148A34F-E002-4C98-BD4C-7C46C86DBB78}.Release|Any CPU.Deploy.0 = Release|Any CPU
	EndGlobalSection
	GlobalSection(SolutionProperties) = preSolution
		HideSolutionNode = FALSE
	EndGlobalSection
	GlobalSection(NestedProjects) = preSolution
		{B2281429-300B-46D4-8F31-A02FA275DBAC} = {4E968A53-A023-4EC5-BC40-8444D35324FA}
		{0AF3CB1B-BD82-458A-908F-FA7B66EDFD8F} = {4E968A53-A023-4EC5-BC40-8444D35324FA}
		{E545E6A0-04AA-4BE6-A50F-2C961C1D15B5} = {4E968A53-A023-4EC5-BC40-8444D35324FA}
		{3DF617FE-081D-4A3C-8D55-F4F33DF17049} = {4E968A53-A023-4EC5-BC40-8444D35324FA}
		{80A2E19B-B034-4027-81F4-F4CAC0259514} = {4E968A53-A023-4EC5-BC40-8444D35324FA}
		{4781FA8D-E01B-4A33-931E-49CDCFC34D19} = {4E968A53-A023-4EC5-BC40-8444D35324FA}
		{99DD5233-4BBB-471F-872F-3C204EC4E619} = {4E968A53-A023-4EC5-BC40-8444D35324FA}
		{4E0DF89A-A2A9-4AF2-9114-47C75B12A3F8} = {4E968A53-A023-4EC5-BC40-8444D35324FA}
		{6148A34F-E002-4C98-BD4C-7C46C86DBB78} = {4E968A53-A023-4EC5-BC40-8444D35324FA}
	EndGlobalSection
	GlobalSection(ExtensibilityGlobals) = postSolution
		SolutionGuid = {CC5ABD58-CEBA-4A7D-9327-F447223E1654}
	EndGlobalSection
EndGlobal
